
Microsoft Visual Studio Solution File, Format Version 12.00
# Visual Studio Version 16
VisualStudioVersion = 16.0.31129.286
MinimumVisualStudioVersion = 10.0.40219.1
Project("{9A19103F-16F7-4668-BE54-9A1E7A4F7556}") = "RoshTimer2", "RoshTimer2.csproj", "{1BD9AFC3-65B3-4CB2-BAA0-33462714EA16}"
EndProject
Global
	GlobalSection(SolutionConfigurationPlatforms) = preSolution
		Debug|Any CPU = Debug|Any CPU
		Release|Any CPU = Release|Any CPU
	EndGlobalSection
	GlobalSection(ProjectConfigurationPlatforms) = postSolution
		{1BD9AFC3-65B3-4CB2-BAA0-33462714EA16}.Debug|Any CPU.ActiveCfg = Debug|Any CPU
		{1BD9AFC3-65B3-4CB2-BAA0-33462714EA16}.Debug|Any CPU.Build.0 = Debug|Any CPU
		{1BD9AFC3-65B3-4CB2-BAA0-33462714EA16}.Release|Any CPU.ActiveCfg = Release|Any CPU
		{1BD9AFC3-65B3-4CB2-BAA0-33462714EA16}.Release|Any CPU.Build.0 = Release|Any CPU
	EndGlobalSection
	GlobalSection(SolutionProperties) = preSolution
		HideSolutionNode = FALSE
	EndGlobalSection
	GlobalSection(ExtensibilityGlobals) = postSolution
		SolutionGuid = {F3AAE041-FE4E-4F73-9508-BC1AC13F8647}
	EndGlobalSection
EndGlobal
